
Microsoft Visual Studio Solution File, Format Version 12.00
# Visual Studio Version 17
VisualStudioVersion = 17.3.32901.215
MinimumVisualStudioVersion = 10.0.40219.1
Project("{9A19103F-16F7-4668-BE54-9A1E7A4F7556}") = "CleanArchitecture.API", "CleanArchitecture.API\CleanArchitecture.API.csproj", "{1BF1F517-D94C-491F-AE1A-3F8274F7E6E1}"
EndProject
Project("{2150E333-8FDC-42A3-9474-1A3956D46DE8}") = "4) Infrastructure", "4) Infrastructure", "{EBA34052-1F23-4EEB-9BC6-A5AC0C5B870A}"
EndProject
Project("{2150E333-8FDC-42A3-9474-1A3956D46DE8}") = "Application", "Application", "{EEDF0DB4-A992-4FDD-A2F5-BC5EC4A163E8}"
EndProject
Project("{2150E333-8FDC-42A3-9474-1A3956D46DE8}") = "3) Core", "3) Core", "{122360F2-89AE-4E14-B3A2-89C1686D98D3}"
EndProject
Project("{2150E333-8FDC-42A3-9474-1A3956D46DE8}") = "Domain", "Domain", "{EECD95A3-D569-4639-B961-00DEC2E38E0A}"
EndProject
Project("{2150E333-8FDC-42A3-9474-1A3956D46DE8}") = "2) API", "2) API", "{0BED6C5A-C7E0-4888-939C-75E6BA9104C4}"
EndProject
Project("{2150E333-8FDC-42A3-9474-1A3956D46DE8}") = "1) Web", "1) Web", "{0B39852B-2023-4B2A-900A-54FE3218F852}"
EndProject
Project("{9A19103F-16F7-4668-BE54-9A1E7A4F7556}") = "CleanArchitecture.Application", "CleanArchitecture.Application\CleanArchitecture.Application.csproj", "{0ADBE12F-8BC5-4CAE-8851-250BE0A3D481}"
EndProject
Project("{9A19103F-16F7-4668-BE54-9A1E7A4F7556}") = "CleanArchitecture.Domain", "CleanArchitecture.Domain\CleanArchitecture.Domain.csproj", "{BCFABC24-46F0-4289-98EF-0318B43B0D85}"
EndProject
Project("{9A19103F-16F7-4668-BE54-9A1E7A4F7556}") = "CleanArchitecture.Infrastructure", "CleanArchitecture.Infrastructure\CleanArchitecture.Infrastructure.csproj", "{2F7A890E-609E-4806-8BB0-59EE0F13C409}"
EndProject
Project("{9A19103F-16F7-4668-BE54-9A1E7A4F7556}") = "CleanArchitecture.Blazor", "CleanArchitecture.Blazor\CleanArchitecture.Blazor.csproj", "{0E591276-8634-4664-A59F-38825A9649E5}"
EndProject
Project("{2150E333-8FDC-42A3-9474-1A3956D46DE8}") = "5) UnitTests", "5) UnitTests", "{F3DB3554-9D4B-4164-9735-F0C933BEB527}"
EndProject
Project("{9A19103F-16F7-4668-BE54-9A1E7A4F7556}") = "CleanArchitecture.UnitTests", "CleanArchitecture.UnitTests\CleanArchitecture.UnitTests.csproj", "{20CCFD1D-FA89-42E0-81ED-3CFCDF562C54}"
EndProject
Project("{2150E333-8FDC-42A3-9474-1A3956D46DE8}") = "7) Misc", "7) Misc", "{BC2509CE-91B1-47F3-B66A-4B4A19759BD4}"
	ProjectSection(SolutionItems) = preProject
		Clean Architecture Demo.docx = Clean Architecture Demo.docx
		..\..\Users\User\Downloads\Music Database Schema.sql = ..\..\Users\User\Downloads\Music Database Schema.sql
	EndProjectSection
EndProject
Project("{2150E333-8FDC-42A3-9474-1A3956D46DE8}") = "6) Performance", "6) Performance", "{96F3BD10-B52D-42A5-898B-2EF7E5E3B239}"
EndProject
Project("{9A19103F-16F7-4668-BE54-9A1E7A4F7556}") = "MeasurePerformances", "MeasurePerformances\MeasurePerformances.csproj", "{BEBF255D-7D89-4032-AE24-B30EBADF5F14}"
EndProject
Global
	GlobalSection(SolutionConfigurationPlatforms) = preSolution
		Debug|Any CPU = Debug|Any CPU
		Release|Any CPU = Release|Any CPU
	EndGlobalSection
	GlobalSection(ProjectConfigurationPlatforms) = postSolution
		{1BF1F517-D94C-491F-AE1A-3F8274F7E6E1}.Debug|Any CPU.ActiveCfg = Debug|Any CPU
		{1BF1F517-D94C-491F-AE1A-3F8274F7E6E1}.Debug|Any CPU.Build.0 = Debug|Any CPU
		{1BF1F517-D94C-491F-AE1A-3F8274F7E6E1}.Release|Any CPU.ActiveCfg = Release|Any CPU
		{1BF1F517-D94C-491F-AE1A-3F8274F7E6E1}.Release|Any CPU.Build.0 = Release|Any CPU
		{0ADBE12F-8BC5-4CAE-8851-250BE0A3D481}.Debug|Any CPU.ActiveCfg = Debug|Any CPU
		{0ADBE12F-8BC5-4CAE-8851-250BE0A3D481}.Debug|Any CPU.Build.0 = Debug|Any CPU
		{0ADBE12F-8BC5-4CAE-8851-250BE0A3D481}.Release|Any CPU.ActiveCfg = Release|Any CPU
		{0ADBE12F-8BC5-4CAE-8851-250BE0A3D481}.Release|Any CPU.Build.0 = Release|Any CPU
		{BCFABC24-46F0-4289-98EF-0318B43B0D85}.Debug|Any CPU.ActiveCfg = Debug|Any CPU
		{BCFABC24-46F0-4289-98EF-0318B43B0D85}.Debug|Any CPU.Build.0 = Debug|Any CPU
		{BCFABC24-46F0-4289-98EF-0318B43B0D85}.Release|Any CPU.ActiveCfg = Release|Any CPU
		{BCFABC24-46F0-4289-98EF-0318B43B0D85}.Release|Any CPU.Build.0 = Release|Any CPU
		{2F7A890E-609E-4806-8BB0-59EE0F13C409}.Debug|Any CPU.ActiveCfg = Debug|Any CPU
		{2F7A890E-609E-4806-8BB0-59EE0F13C409}.Debug|Any CPU.Build.0 = Debug|Any CPU
		{2F7A890E-609E-4806-8BB0-59EE0F13C409}.Release|Any CPU.ActiveCfg = Release|Any CPU
		{2F7A890E-609E-4806-8BB0-59EE0F13C409}.Release|Any CPU.Build.0 = Release|Any CPU
		{0E591276-8634-4664-A59F-38825A9649E5}.Debug|Any CPU.ActiveCfg = Debug|Any CPU
		{0E591276-8634-4664-A59F-38825A9649E5}.Debug|Any CPU.Build.0 = Debug|Any CPU
		{0E591276-8634-4664-A59F-38825A9649E5}.Release|Any CPU.ActiveCfg = Release|Any CPU
		{0E591276-8634-4664-A59F-38825A9649E5}.Release|Any CPU.Build.0 = Release|Any CPU
		{20CCFD1D-FA89-42E0-81ED-3CFCDF562C54}.Debug|Any CPU.ActiveCfg = Debug|Any CPU
		{20CCFD1D-FA89-42E0-81ED-3CFCDF562C54}.Debug|Any CPU.Build.0 = Debug|Any CPU
		{20CCFD1D-FA89-42E0-81ED-3CFCDF562C54}.Release|Any CPU.ActiveCfg = Release|Any CPU
		{20CCFD1D-FA89-42E0-81ED-3CFCDF562C54}.Release|Any CPU.Build.0 = Release|Any CPU
		{BEBF255D-7D89-4032-AE24-B30EBADF5F14}.Debug|Any CPU.ActiveCfg = Debug|Any CPU
		{BEBF255D-7D89-4032-AE24-B30EBADF5F14}.Debug|Any CPU.Build.0 = Debug|Any CPU
		{BEBF255D-7D89-4032-AE24-B30EBADF5F14}.Release|Any CPU.ActiveCfg = Release|Any CPU
		{BEBF255D-7D89-4032-AE24-B30EBADF5F14}.Release|Any CPU.Build.0 = Release|Any CPU
	EndGlobalSection
	GlobalSection(SolutionProperties) = preSolution
		HideSolutionNode = FALSE
	EndGlobalSection
	GlobalSection(NestedProjects) = preSolution
		{1BF1F517-D94C-491F-AE1A-3F8274F7E6E1} = {0BED6C5A-C7E0-4888-939C-75E6BA9104C4}
		{EEDF0DB4-A992-4FDD-A2F5-BC5EC4A163E8} = {122360F2-89AE-4E14-B3A2-89C1686D98D3}
		{EECD95A3-D569-4639-B961-00DEC2E38E0A} = {122360F2-89AE-4E14-B3A2-89C1686D98D3}
		{0ADBE12F-8BC5-4CAE-8851-250BE0A3D481} = {EEDF0DB4-A992-4FDD-A2F5-BC5EC4A163E8}
		{BCFABC24-46F0-4289-98EF-0318B43B0D85} = {EECD95A3-D569-4639-B961-00DEC2E38E0A}
		{2F7A890E-609E-4806-8BB0-59EE0F13C409} = {EBA34052-1F23-4EEB-9BC6-A5AC0C5B870A}
		{0E591276-8634-4664-A59F-38825A9649E5} = {0B39852B-2023-4B2A-900A-54FE3218F852}
		{20CCFD1D-FA89-42E0-81ED-3CFCDF562C54} = {F3DB3554-9D4B-4164-9735-F0C933BEB527}
		{BEBF255D-7D89-4032-AE24-B30EBADF5F14} = {96F3BD10-B52D-42A5-898B-2EF7E5E3B239}
	EndGlobalSection
	GlobalSection(ExtensibilityGlobals) = postSolution
		SolutionGuid = {7B4D1A92-ED99-46D5-B29D-AB6A95007FF1}
	EndGlobalSection
EndGlobal
